
Microsoft Visual Studio Solution File, Format Version 12.00
# Visual Studio Version 17
VisualStudioVersion = 17.0.31903.59
MinimumVisualStudioVersion = 10.0.40219.1
Project("{FAE04EC0-301F-11D3-BF4B-00C04F79EFBC}") = "NDwgAutoTool.Presentation", "NDwgAutoTool.Presentation\NDwgAutoTool.Presentation.csproj", "{1EC315B4-101B-4D98-804C-0A0106FA37DF}"
EndProject
Project("{FAE04EC0-301F-11D3-BF4B-00C04F79EFBC}") = "NDwgAutoTool.Application", "NDwgAutoTool.Application\NDwgAutoTool.Application.csproj", "{B6892A61-BFC3-4A83-99D0-D261280E5528}"
EndProject
Project("{FAE04EC0-301F-11D3-BF4B-00C04F79EFBC}") = "NDwgAutoTool.Domain", "NDwgAutoTool.Domain\NDwgAutoTool.Domain.csproj", "{61590A35-DBB0-4D06-8F71-45B8E0D5C1CC}"
EndProject
Project("{FAE04EC0-301F-11D3-BF4B-00C04F79EFBC}") = "NDwgAutoTool.Infrastructure", "NDwgAutoTool.Infrastructure\NDwgAutoTool.Infrastructure.csproj", "{0BEF2033-C33A-4A81-AC5B-E630799D1057}"
EndProject
Global
	GlobalSection(SolutionConfigurationPlatforms) = preSolution
		Debug|Any CPU = Debug|Any CPU
		Debug|x64 = Debug|x64
		Debug|x86 = Debug|x86
		Release|Any CPU = Release|Any CPU
		Release|x64 = Release|x64
		Release|x86 = Release|x86
	EndGlobalSection
	GlobalSection(ProjectConfigurationPlatforms) = postSolution
		{1EC315B4-101B-4D98-804C-0A0106FA37DF}.Debug|Any CPU.ActiveCfg = Debug|Any CPU
		{1EC315B4-101B-4D98-804C-0A0106FA37DF}.Debug|Any CPU.Build.0 = Debug|Any CPU
		{1EC315B4-101B-4D98-804C-0A0106FA37DF}.Debug|x64.ActiveCfg = Debug|Any CPU
		{1EC315B4-101B-4D98-804C-0A0106FA37DF}.Debug|x64.Build.0 = Debug|Any CPU
		{1EC315B4-101B-4D98-804C-0A0106FA37DF}.Debug|x86.ActiveCfg = Debug|Any CPU
		{1EC315B4-101B-4D98-804C-0A0106FA37DF}.Debug|x86.Build.0 = Debug|Any CPU
		{1EC315B4-101B-4D98-804C-0A0106FA37DF}.Release|Any CPU.ActiveCfg = Release|Any CPU
		{1EC315B4-101B-4D98-804C-0A0106FA37DF}.Release|Any CPU.Build.0 = Release|Any CPU
		{1EC315B4-101B-4D98-804C-0A0106FA37DF}.Release|x64.ActiveCfg = Release|Any CPU
		{1EC315B4-101B-4D98-804C-0A0106FA37DF}.Release|x64.Build.0 = Release|Any CPU
		{1EC315B4-101B-4D98-804C-0A0106FA37DF}.Release|x86.ActiveCfg = Release|Any CPU
		{1EC315B4-101B-4D98-804C-0A0106FA37DF}.Release|x86.Build.0 = Release|Any CPU
		{B6892A61-BFC3-4A83-99D0-D261280E5528}.Debug|Any CPU.ActiveCfg = Debug|Any CPU
		{B6892A61-BFC3-4A83-99D0-D261280E5528}.Debug|Any CPU.Build.0 = Debug|Any CPU
		{B6892A61-BFC3-4A83-99D0-D261280E5528}.Debug|x64.ActiveCfg = Debug|Any CPU
		{B6892A61-BFC3-4A83-99D0-D261280E5528}.Debug|x64.Build.0 = Debug|Any CPU
		{B6892A61-BFC3-4A83-99D0-D261280E5528}.Debug|x86.ActiveCfg = Debug|Any CPU
		{B6892A61-BFC3-4A83-99D0-D261280E5528}.Debug|x86.Build.0 = Debug|Any CPU
		{B6892A61-BFC3-4A83-99D0-D261280E5528}.Release|Any CPU.ActiveCfg = Release|Any CPU
		{B6892A61-BFC3-4A83-99D0-D261280E5528}.Release|Any CPU.Build.0 = Release|Any CPU
		{B6892A61-BFC3-4A83-99D0-D261280E5528}.Release|x64.ActiveCfg = Release|Any CPU
		{B6892A61-BFC3-4A83-99D0-D261280E5528}.Release|x64.Build.0 = Release|Any CPU
		{B6892A61-BFC3-4A83-99D0-D261280E5528}.Release|x86.ActiveCfg = Release|Any CPU
		{B6892A61-BFC3-4A83-99D0-D261280E5528}.Release|x86.Build.0 = Release|Any CPU
		{61590A35-DBB0-4D06-8F71-45B8E0D5C1CC}.Debug|Any CPU.ActiveCfg = Debug|Any CPU
		{61590A35-DBB0-4D06-8F71-45B8E0D5C1CC}.Debug|Any CPU.Build.0 = Debug|Any CPU
		{61590A35-DBB0-4D06-8F71-45B8E0D5C1CC}.Debug|x64.ActiveCfg = Debug|Any CPU
		{61590A35-DBB0-4D06-8F71-45B8E0D5C1CC}.Debug|x64.Build.0 = Debug|Any CPU
		{61590A35-DBB0-4D06-8F71-45B8E0D5C1CC}.Debug|x86.ActiveCfg = Debug|Any CPU
		{61590A35-DBB0-4D06-8F71-45B8E0D5C1CC}.Debug|x86.Build.0 = Debug|Any CPU
		{61590A35-DBB0-4D06-8F71-45B8E0D5C1CC}.Release|Any CPU.ActiveCfg = Release|Any CPU
		{61590A35-DBB0-4D06-8F71-45B8E0D5C1CC}.Release|Any CPU.Build.0 = Release|Any CPU
		{61590A35-DBB0-4D06-8F71-45B8E0D5C1CC}.Release|x64.ActiveCfg = Release|Any CPU
		{61590A35-DBB0-4D06-8F71-45B8E0D5C1CC}.Release|x64.Build.0 = Release|Any CPU
		{61590A35-DBB0-4D06-8F71-45B8E0D5C1CC}.Release|x86.ActiveCfg = Release|Any CPU
		{61590A35-DBB0-4D06-8F71-45B8E0D5C1CC}.Release|x86.Build.0 = Release|Any CPU
		{0BEF2033-C33A-4A81-AC5B-E630799D1057}.Debug|Any CPU.ActiveCfg = Debug|Any CPU
		{0BEF2033-C33A-4A81-AC5B-E630799D1057}.Debug|Any CPU.Build.0 = Debug|Any CPU
		{0BEF2033-C33A-4A81-AC5B-E630799D1057}.Debug|x64.ActiveCfg = Debug|Any CPU
		{0BEF2033-C33A-4A81-AC5B-E630799D1057}.Debug|x64.Build.0 = Debug|Any CPU
		{0BEF2033-C33A-4A81-AC5B-E630799D1057}.Debug|x86.ActiveCfg = Debug|Any CPU
		{0BEF2033-C33A-4A81-AC5B-E630799D1057}.Debug|x86.Build.0 = Debug|Any CPU
		{0BEF2033-C33A-4A81-AC5B-E630799D1057}.Release|Any CPU.ActiveCfg = Release|Any CPU
		{0BEF2033-C33A-4A81-AC5B-E630799D1057}.Release|Any CPU.Build.0 = Release|Any CPU
		{0BEF2033-C33A-4A81-AC5B-E630799D1057}.Release|x64.ActiveCfg = Release|Any CPU
		{0BEF2033-C33A-4A81-AC5B-E630799D1057}.Release|x64.Build.0 = Release|Any CPU
		{0BEF2033-C33A-4A81-AC5B-E630799D1057}.Release|x86.ActiveCfg = Release|Any CPU
		{0BEF2033-C33A-4A81-AC5B-E630799D1057}.Release|x86.Build.0 = Release|Any CPU
	EndGlobalSection
	GlobalSection(SolutionProperties) = preSolution
		HideSolutionNode = FALSE
	EndGlobalSection
EndGlobal
